
Microsoft Visual Studio Solution File, Format Version 12.00
# Visual Studio Version 16
VisualStudioVersion = 16.0.31624.102
MinimumVisualStudioVersion = 10.0.40219.1
Project("{FAE04EC0-301F-11D3-BF4B-00C04F79EFBC}") = "MyProfessionFriend", "MyProfessionFriend\MyProfessionFriend.csproj", "{E3620875-87DC-4CBD-8C5B-527C1781D539}"
EndProject
Project("{FAE04EC0-301F-11D3-BF4B-00C04F79EFBC}") = "EntityLayer", "EntityLayer\EntityLayer.csproj", "{0E0AD051-79E2-43E0-A19A-484BE4C89285}"
EndProject
Project("{FAE04EC0-301F-11D3-BF4B-00C04F79EFBC}") = "DataAccessLayer", "DataAccessLayer\DataAccessLayer.csproj", "{21AF4620-A88B-4F24-8B59-A08EEC69EBD8}"
EndProject
Project("{FAE04EC0-301F-11D3-BF4B-00C04F79EFBC}") = "BussinessLayer", "BussinessLayer\BussinessLayer.csproj", "{11227BDC-450B-4404-9CEF-6D50273BA991}"
EndProject
Global
	GlobalSection(SolutionConfigurationPlatforms) = preSolution
		Debug|Any CPU = Debug|Any CPU
		Release|Any CPU = Release|Any CPU
	EndGlobalSection
	GlobalSection(ProjectConfigurationPlatforms) = postSolution
		{E3620875-87DC-4CBD-8C5B-527C1781D539}.Debug|Any CPU.ActiveCfg = Debug|Any CPU
		{E3620875-87DC-4CBD-8C5B-527C1781D539}.Debug|Any CPU.Build.0 = Debug|Any CPU
		{E3620875-87DC-4CBD-8C5B-527C1781D539}.Release|Any CPU.ActiveCfg = Release|Any CPU
		{E3620875-87DC-4CBD-8C5B-527C1781D539}.Release|Any CPU.Build.0 = Release|Any CPU
		{0E0AD051-79E2-43E0-A19A-484BE4C89285}.Debug|Any CPU.ActiveCfg = Debug|Any CPU
		{0E0AD051-79E2-43E0-A19A-484BE4C89285}.Debug|Any CPU.Build.0 = Debug|Any CPU
		{0E0AD051-79E2-43E0-A19A-484BE4C89285}.Release|Any CPU.ActiveCfg = Release|Any CPU
		{0E0AD051-79E2-43E0-A19A-484BE4C89285}.Release|Any CPU.Build.0 = Release|Any CPU
		{21AF4620-A88B-4F24-8B59-A08EEC69EBD8}.Debug|Any CPU.ActiveCfg = Debug|Any CPU
		{21AF4620-A88B-4F24-8B59-A08EEC69EBD8}.Debug|Any CPU.Build.0 = Debug|Any CPU
		{21AF4620-A88B-4F24-8B59-A08EEC69EBD8}.Release|Any CPU.ActiveCfg = Release|Any CPU
		{21AF4620-A88B-4F24-8B59-A08EEC69EBD8}.Release|Any CPU.Build.0 = Release|Any CPU
		{11227BDC-450B-4404-9CEF-6D50273BA991}.Debug|Any CPU.ActiveCfg = Debug|Any CPU
		{11227BDC-450B-4404-9CEF-6D50273BA991}.Debug|Any CPU.Build.0 = Debug|Any CPU
		{11227BDC-450B-4404-9CEF-6D50273BA991}.Release|Any CPU.ActiveCfg = Release|Any CPU
		{11227BDC-450B-4404-9CEF-6D50273BA991}.Release|Any CPU.Build.0 = Release|Any CPU
	EndGlobalSection
	GlobalSection(SolutionProperties) = preSolution
		HideSolutionNode = FALSE
	EndGlobalSection
	GlobalSection(ExtensibilityGlobals) = postSolution
		SolutionGuid = {147C0E3B-8FB9-4D7D-9B0A-F24E9E3DFCFA}
	EndGlobalSection
EndGlobal
